
Microsoft Visual Studio Solution File, Format Version 12.00
# Visual Studio Version 17
VisualStudioVersion = 17.0.31903.59
MinimumVisualStudioVersion = 10.0.40219.1
Project("{FAE04EC0-301F-11D3-BF4B-00C04F79EFBC}") = "BrennstuhlWebLineApi", "BrennstuhlWebLineApi\BrennstuhlWebLineApi.csproj", "{6E9577E8-4F50-4E40-A66A-C1CB19EDC9E7}"
EndProject
Project("{FAE04EC0-301F-11D3-BF4B-00C04F79EFBC}") = "BrennstuhlWebLineApi.ShowCase", "BrennstuhlWebLineApi.ShowCase\BrennstuhlWebLineApi.ShowCase.csproj", "{4DA7E6F8-4B63-45D8-88A5-F8D084C68C17}"
EndProject
Project("{FAE04EC0-301F-11D3-BF4B-00C04F79EFBC}") = "BrennstuhlWebLineApi.Tests", "BrennstuhlWebLineApi.Tests\BrennstuhlWebLineApi.Tests.csproj", "{E643B3B1-49A8-4A01-924C-51265282319A}"
EndProject
Global
	GlobalSection(SolutionConfigurationPlatforms) = preSolution
		Debug|Any CPU = Debug|Any CPU
		Release|Any CPU = Release|Any CPU
	EndGlobalSection
	GlobalSection(SolutionProperties) = preSolution
		HideSolutionNode = FALSE
	EndGlobalSection
	GlobalSection(ProjectConfigurationPlatforms) = postSolution
		{6E9577E8-4F50-4E40-A66A-C1CB19EDC9E7}.Debug|Any CPU.ActiveCfg = Debug|Any CPU
		{6E9577E8-4F50-4E40-A66A-C1CB19EDC9E7}.Debug|Any CPU.Build.0 = Debug|Any CPU
		{6E9577E8-4F50-4E40-A66A-C1CB19EDC9E7}.Release|Any CPU.ActiveCfg = Release|Any CPU
		{6E9577E8-4F50-4E40-A66A-C1CB19EDC9E7}.Release|Any CPU.Build.0 = Release|Any CPU
		{4DA7E6F8-4B63-45D8-88A5-F8D084C68C17}.Debug|Any CPU.ActiveCfg = Debug|Any CPU
		{4DA7E6F8-4B63-45D8-88A5-F8D084C68C17}.Debug|Any CPU.Build.0 = Debug|Any CPU
		{4DA7E6F8-4B63-45D8-88A5-F8D084C68C17}.Release|Any CPU.ActiveCfg = Release|Any CPU
		{4DA7E6F8-4B63-45D8-88A5-F8D084C68C17}.Release|Any CPU.Build.0 = Release|Any CPU
		{E643B3B1-49A8-4A01-924C-51265282319A}.Debug|Any CPU.ActiveCfg = Debug|Any CPU
		{E643B3B1-49A8-4A01-924C-51265282319A}.Debug|Any CPU.Build.0 = Debug|Any CPU
		{E643B3B1-49A8-4A01-924C-51265282319A}.Release|Any CPU.ActiveCfg = Release|Any CPU
		{E643B3B1-49A8-4A01-924C-51265282319A}.Release|Any CPU.Build.0 = Release|Any CPU
	EndGlobalSection
EndGlobal
